
Microsoft Visual Studio Solution File, Format Version 12.00
# Visual Studio 15
VisualStudioVersion = 15.0.27428.2005
MinimumVisualStudioVersion = 10.0.40219.1
Project("{FAE04EC0-301F-11D3-BF4B-00C04F79EFBC}") = "Assignment5TivaR", "Assignment5TivaR\Assignment5TivaR.csproj", "{20F1E1A9-9C63-447D-A9F1-DDE9039E7AF5}"
EndProject
Global
	GlobalSection(SolutionConfigurationPlatforms) = preSolution
		Debug|Any CPU = Debug|Any CPU
		Release|Any CPU = Release|Any CPU
	EndGlobalSection
	GlobalSection(ProjectConfigurationPlatforms) = postSolution
		{20F1E1A9-9C63-447D-A9F1-DDE9039E7AF5}.Debug|Any CPU.ActiveCfg = Debug|Any CPU
		{20F1E1A9-9C63-447D-A9F1-DDE9039E7AF5}.Debug|Any CPU.Build.0 = Debug|Any CPU
		{20F1E1A9-9C63-447D-A9F1-DDE9039E7AF5}.Release|Any CPU.ActiveCfg = Release|Any CPU
		{20F1E1A9-9C63-447D-A9F1-DDE9039E7AF5}.Release|Any CPU.Build.0 = Release|Any CPU
	EndGlobalSection
	GlobalSection(SolutionProperties) = preSolution
		HideSolutionNode = FALSE
	EndGlobalSection
	GlobalSection(ExtensibilityGlobals) = postSolution
		SolutionGuid = {49D5649C-22D5-4882-AF1E-8FF4F02FC24F}
	EndGlobalSection
EndGlobal
